
Microsoft Visual Studio Solution File, Format Version 12.00
# Visual Studio 15
VisualStudioVersion = 15.0.28307.1267
MinimumVisualStudioVersion = 10.0.40219.1
Project("{F184B08F-C81C-45F6-A57F-5ABD9991F28F}") = "EcoPrint", "EcoPrint\EcoPrint.vbproj", "{B259E331-BBB4-457B-9DD8-12A2761FA629}"
EndProject
Global
	GlobalSection(SolutionConfigurationPlatforms) = preSolution
		Debug|Any CPU = Debug|Any CPU
		Release|Any CPU = Release|Any CPU
	EndGlobalSection
	GlobalSection(ProjectConfigurationPlatforms) = postSolution
		{B259E331-BBB4-457B-9DD8-12A2761FA629}.Debug|Any CPU.ActiveCfg = Debug|Any CPU
		{B259E331-BBB4-457B-9DD8-12A2761FA629}.Debug|Any CPU.Build.0 = Debug|Any CPU
		{B259E331-BBB4-457B-9DD8-12A2761FA629}.Release|Any CPU.ActiveCfg = Release|Any CPU
		{B259E331-BBB4-457B-9DD8-12A2761FA629}.Release|Any CPU.Build.0 = Release|Any CPU
	EndGlobalSection
	GlobalSection(SolutionProperties) = preSolution
		HideSolutionNode = FALSE
	EndGlobalSection
	GlobalSection(ExtensibilityGlobals) = postSolution
		SolutionGuid = {F8C6A6FB-ACB0-4834-86E2-DC1B278A2F05}
	EndGlobalSection
EndGlobal
